
Microsoft Visual Studio Solution File, Format Version 12.00
# Visual Studio Version 17
VisualStudioVersion = 17.0.31903.59
MinimumVisualStudioVersion = 10.0.40219.1
Project("{FAE04EC0-301F-11D3-BF4B-00C04F79EFBC}") = "StoreApp", "StoreApp\StoreApp.csproj", "{BAAD47DD-7E8A-45BF-9A73-42C345C2F2B2}"
EndProject
Project("{FAE04EC0-301F-11D3-BF4B-00C04F79EFBC}") = "Entities", "Entities\Entities.csproj", "{28792718-05A6-4F85-950C-7E11B489752C}"
EndProject
Project("{FAE04EC0-301F-11D3-BF4B-00C04F79EFBC}") = "Repositories", "Repositories\Repositories.csproj", "{21F75EE8-2C4B-410A-83F4-2A9DC5985CB1}"
EndProject
Global
	GlobalSection(SolutionConfigurationPlatforms) = preSolution
		Debug|Any CPU = Debug|Any CPU
		Debug|x64 = Debug|x64
		Debug|x86 = Debug|x86
		Release|Any CPU = Release|Any CPU
		Release|x64 = Release|x64
		Release|x86 = Release|x86
	EndGlobalSection
	GlobalSection(ProjectConfigurationPlatforms) = postSolution
		{BAAD47DD-7E8A-45BF-9A73-42C345C2F2B2}.Debug|Any CPU.ActiveCfg = Debug|Any CPU
		{BAAD47DD-7E8A-45BF-9A73-42C345C2F2B2}.Debug|Any CPU.Build.0 = Debug|Any CPU
		{BAAD47DD-7E8A-45BF-9A73-42C345C2F2B2}.Debug|x64.ActiveCfg = Debug|Any CPU
		{BAAD47DD-7E8A-45BF-9A73-42C345C2F2B2}.Debug|x64.Build.0 = Debug|Any CPU
		{BAAD47DD-7E8A-45BF-9A73-42C345C2F2B2}.Debug|x86.ActiveCfg = Debug|Any CPU
		{BAAD47DD-7E8A-45BF-9A73-42C345C2F2B2}.Debug|x86.Build.0 = Debug|Any CPU
		{BAAD47DD-7E8A-45BF-9A73-42C345C2F2B2}.Release|Any CPU.ActiveCfg = Release|Any CPU
		{BAAD47DD-7E8A-45BF-9A73-42C345C2F2B2}.Release|Any CPU.Build.0 = Release|Any CPU
		{BAAD47DD-7E8A-45BF-9A73-42C345C2F2B2}.Release|x64.ActiveCfg = Release|Any CPU
		{BAAD47DD-7E8A-45BF-9A73-42C345C2F2B2}.Release|x64.Build.0 = Release|Any CPU
		{BAAD47DD-7E8A-45BF-9A73-42C345C2F2B2}.Release|x86.ActiveCfg = Release|Any CPU
		{BAAD47DD-7E8A-45BF-9A73-42C345C2F2B2}.Release|x86.Build.0 = Release|Any CPU
		{28792718-05A6-4F85-950C-7E11B489752C}.Debug|Any CPU.ActiveCfg = Debug|Any CPU
		{28792718-05A6-4F85-950C-7E11B489752C}.Debug|Any CPU.Build.0 = Debug|Any CPU
		{28792718-05A6-4F85-950C-7E11B489752C}.Debug|x64.ActiveCfg = Debug|Any CPU
		{28792718-05A6-4F85-950C-7E11B489752C}.Debug|x64.Build.0 = Debug|Any CPU
		{28792718-05A6-4F85-950C-7E11B489752C}.Debug|x86.ActiveCfg = Debug|Any CPU
		{28792718-05A6-4F85-950C-7E11B489752C}.Debug|x86.Build.0 = Debug|Any CPU
		{28792718-05A6-4F85-950C-7E11B489752C}.Release|Any CPU.ActiveCfg = Release|Any CPU
		{28792718-05A6-4F85-950C-7E11B489752C}.Release|Any CPU.Build.0 = Release|Any CPU
		{28792718-05A6-4F85-950C-7E11B489752C}.Release|x64.ActiveCfg = Release|Any CPU
		{28792718-05A6-4F85-950C-7E11B489752C}.Release|x64.Build.0 = Release|Any CPU
		{28792718-05A6-4F85-950C-7E11B489752C}.Release|x86.ActiveCfg = Release|Any CPU
		{28792718-05A6-4F85-950C-7E11B489752C}.Release|x86.Build.0 = Release|Any CPU
		{21F75EE8-2C4B-410A-83F4-2A9DC5985CB1}.Debug|Any CPU.ActiveCfg = Debug|Any CPU
		{21F75EE8-2C4B-410A-83F4-2A9DC5985CB1}.Debug|Any CPU.Build.0 = Debug|Any CPU
		{21F75EE8-2C4B-410A-83F4-2A9DC5985CB1}.Debug|x64.ActiveCfg = Debug|Any CPU
		{21F75EE8-2C4B-410A-83F4-2A9DC5985CB1}.Debug|x64.Build.0 = Debug|Any CPU
		{21F75EE8-2C4B-410A-83F4-2A9DC5985CB1}.Debug|x86.ActiveCfg = Debug|Any CPU
		{21F75EE8-2C4B-410A-83F4-2A9DC5985CB1}.Debug|x86.Build.0 = Debug|Any CPU
		{21F75EE8-2C4B-410A-83F4-2A9DC5985CB1}.Release|Any CPU.ActiveCfg = Release|Any CPU
		{21F75EE8-2C4B-410A-83F4-2A9DC5985CB1}.Release|Any CPU.Build.0 = Release|Any CPU
		{21F75EE8-2C4B-410A-83F4-2A9DC5985CB1}.Release|x64.ActiveCfg = Release|Any CPU
		{21F75EE8-2C4B-410A-83F4-2A9DC5985CB1}.Release|x64.Build.0 = Release|Any CPU
		{21F75EE8-2C4B-410A-83F4-2A9DC5985CB1}.Release|x86.ActiveCfg = Release|Any CPU
		{21F75EE8-2C4B-410A-83F4-2A9DC5985CB1}.Release|x86.Build.0 = Release|Any CPU
	EndGlobalSection
	GlobalSection(SolutionProperties) = preSolution
		HideSolutionNode = FALSE
	EndGlobalSection
EndGlobal
